
Microsoft Visual Studio Solution File, Format Version 12.00
# Visual Studio Version 17
VisualStudioVersion = 17.0.31521.260
MinimumVisualStudioVersion = 10.0.40219.1
Project("{FAE04EC0-301F-11D3-BF4B-00C04F79EFBC}") = "AzFileShareFunctionApp", "AzFileShareFunctionApp\AzFileShareFunctionApp.csproj", "{2ACB8889-103F-4FBB-A7E9-DE9C00ADA387}"
EndProject
Project("{FAE04EC0-301F-11D3-BF4B-00C04F79EFBC}") = "AzFileShareClientWrapper", "AzFileShareClientWrapper\AzFileShareClientWrapper.csproj", "{7B807F69-55AF-4437-8112-F5926F2DBF66}"
EndProject
Project("{FAE04EC0-301F-11D3-BF4B-00C04F79EFBC}") = "FileStreamProcessor", "FileStreamProcessor\FileStreamProcessor.csproj", "{8E52DE4D-549B-4117-9826-687EC818DC79}"
EndProject
Project("{FAE04EC0-301F-11D3-BF4B-00C04F79EFBC}") = "PatternMatchLogicProvider.Contracts", "PatternMatchLogicProvider.Contracts\PatternMatchLogicProvider.Contracts.csproj", "{F9A0F0BC-45D7-4060-9652-4D6420E7193F}"
EndProject
Project("{FAE04EC0-301F-11D3-BF4B-00C04F79EFBC}") = "PatternMatchLogicProvider", "PatternMatchLogicProvider\PatternMatchLogicProvider.csproj", "{81E19122-8BC8-4D7B-A75B-65C8098B8D17}"
EndProject
Global
	GlobalSection(SolutionConfigurationPlatforms) = preSolution
		Debug|Any CPU = Debug|Any CPU
		Release|Any CPU = Release|Any CPU
	EndGlobalSection
	GlobalSection(ProjectConfigurationPlatforms) = postSolution
		{2ACB8889-103F-4FBB-A7E9-DE9C00ADA387}.Debug|Any CPU.ActiveCfg = Debug|Any CPU
		{2ACB8889-103F-4FBB-A7E9-DE9C00ADA387}.Debug|Any CPU.Build.0 = Debug|Any CPU
		{2ACB8889-103F-4FBB-A7E9-DE9C00ADA387}.Release|Any CPU.ActiveCfg = Release|Any CPU
		{2ACB8889-103F-4FBB-A7E9-DE9C00ADA387}.Release|Any CPU.Build.0 = Release|Any CPU
		{7B807F69-55AF-4437-8112-F5926F2DBF66}.Debug|Any CPU.ActiveCfg = Debug|Any CPU
		{7B807F69-55AF-4437-8112-F5926F2DBF66}.Debug|Any CPU.Build.0 = Debug|Any CPU
		{7B807F69-55AF-4437-8112-F5926F2DBF66}.Release|Any CPU.ActiveCfg = Release|Any CPU
		{7B807F69-55AF-4437-8112-F5926F2DBF66}.Release|Any CPU.Build.0 = Release|Any CPU
		{8E52DE4D-549B-4117-9826-687EC818DC79}.Debug|Any CPU.ActiveCfg = Debug|Any CPU
		{8E52DE4D-549B-4117-9826-687EC818DC79}.Debug|Any CPU.Build.0 = Debug|Any CPU
		{8E52DE4D-549B-4117-9826-687EC818DC79}.Release|Any CPU.ActiveCfg = Release|Any CPU
		{8E52DE4D-549B-4117-9826-687EC818DC79}.Release|Any CPU.Build.0 = Release|Any CPU
		{F9A0F0BC-45D7-4060-9652-4D6420E7193F}.Debug|Any CPU.ActiveCfg = Debug|Any CPU
		{F9A0F0BC-45D7-4060-9652-4D6420E7193F}.Debug|Any CPU.Build.0 = Debug|Any CPU
		{F9A0F0BC-45D7-4060-9652-4D6420E7193F}.Release|Any CPU.ActiveCfg = Release|Any CPU
		{F9A0F0BC-45D7-4060-9652-4D6420E7193F}.Release|Any CPU.Build.0 = Release|Any CPU
		{81E19122-8BC8-4D7B-A75B-65C8098B8D17}.Debug|Any CPU.ActiveCfg = Debug|Any CPU
		{81E19122-8BC8-4D7B-A75B-65C8098B8D17}.Debug|Any CPU.Build.0 = Debug|Any CPU
		{81E19122-8BC8-4D7B-A75B-65C8098B8D17}.Release|Any CPU.ActiveCfg = Release|Any CPU
		{81E19122-8BC8-4D7B-A75B-65C8098B8D17}.Release|Any CPU.Build.0 = Release|Any CPU
	EndGlobalSection
	GlobalSection(SolutionProperties) = preSolution
		HideSolutionNode = FALSE
	EndGlobalSection
	GlobalSection(ExtensibilityGlobals) = postSolution
		SolutionGuid = {F50556C1-B976-41E1-ADD7-EA99AB2620E1}
	EndGlobalSection
EndGlobal
